// !$*UTF8*$!
{
	archiveVersion = 1;
	classes = {
	};
	objectVersion = 77;
	objects = {

/* Begin PBXContainerItemProxy section */
		B53A26E22EAC0E0500ADDE7E /* PBXContainerItemProxy */ = {
			isa = PBXContainerItemProxy;
			containerPortal = B53A26CA2EAC0E0300ADDE7E /* Project object */;
			proxyType = 1;
			remoteGlobalIDString = B53A26D12EAC0E0300ADDE7E;
			remoteInfo = NYTArticles;
		};
		B53A26EC2EAC0E0500ADDE7E /* PBXContainerItemProxy */ = {
			isa = PBXContainerItemProxy;
			containerPortal = B53A26CA2EAC0E0300ADDE7E /* Project object */;
			proxyType = 1;
			remoteGlobalIDString = B53A26D12EAC0E0300ADDE7E;
			remoteInfo = NYTArticles;
		};
/* End PBXContainerItemProxy section */

/* Begin PBXFileReference section */
		B53A26D22EAC0E0300ADDE7E /* NYTArticles.app */ = {isa = PBXFileReference; explicitFileType = wrapper.application; includeInIndex = 0; path = NYTArticles.app; sourceTree = BUILT_PRODUCTS_DIR; };
		B53A26E12EAC0E0500ADDE7E /* NYTArticlesTests.xctest */ = {isa = PBXFileReference; explicitFileType = wrapper.cfbundle; includeInIndex = 0; path = NYTArticlesTests.xctest; sourceTree = BUILT_PRODUCTS_DIR; };
		B53A26EB2EAC0E0500ADDE7E /* NYTArticlesUITests.xctest */ = {isa = PBXFileReference; explicitFileType = wrapper.cfbundle; includeInIndex = 0; path = NYTArticlesUITests.xctest; sourceTree = BUILT_PRODUCTS_DIR; };
/* End PBXFileReference section */

/* Begin PBXFileSystemSynchronizedRootGroup section */
		B53A26D42EAC0E0300ADDE7E /* NYTArticles */ = {
			isa = PBXFileSystemSynchronizedRootGroup;
			path = NYTArticles;
			sourceTree = "<group>";
		};
		B53A26E42EAC0E0500ADDE7E /* NYTArticlesTests */ = {
			isa = PBXFileSystemSynchronizedRootGroup;
			path = NYTArticlesTests;
			sourceTree = "<group>";
		};
		B53A26EE2EAC0E0500ADDE7E /* NYTArticlesUITests */ = {
			isa = PBXFileSystemSynchronizedRootGroup;
			path = NYTArticlesUITests;
			sourceTree = "<group>";
		};
/* End PBXFileSystemSynchronizedRootGroup section */

/* Begin PBXFrameworksBuildPhase section */
		B53A26CF2EAC0E0300ADDE7E /* Frameworks */ = {
			isa = PBXFrameworksBuildPhase;
			buildActionMask = 2147483647;
			files = (
			);
			runOnlyForDeploymentPostprocessing = 0;
		};
		B53A26DE2EAC0E0500ADDE7E /* Frameworks */ = {
			isa = PBXFrameworksBuildPhase;
			buildActionMask = 2147483647;
			files = (
			);
			runOnlyForDeploymentPostprocessing = 0;
		};
		B53A26E82EAC0E0500ADDE7E /* Frameworks */ = {
			isa = PBXFrameworksBuildPhase;
			buildActionMask = 2147483647;
			files = (
			);
			runOnlyForDeploymentPostprocessing = 0;
		};
/* End PBXFrameworksBuildPhase section */

/* Begin PBXGroup section */
		B53A26C92EAC0E0300ADDE7E = {
			isa = PBXGroup;
			children = (
				B53A26D42EAC0E0300ADDE7E /* NYTArticles */,
				B53A26E42EAC0E0500ADDE7E /* NYTArticlesTests */,
				B53A26EE2EAC0E0500ADDE7E /* NYTArticlesUITests */,
				B53A26D32EAC0E0300ADDE7E /* Products */,
			);
			sourceTree = "<group>";
		};
		B53A26D32EAC0E0300ADDE7E /* Products */ = {
			isa = PBXGroup;
			children = (
				B53A26D22EAC0E0300ADDE7E /* NYTArticles.app */,
				B53A26E12EAC0E0500ADDE7E /* NYTArticlesTests.xctest */,
				B53A26EB2EAC0E0500ADDE7E /* NYTArticlesUITests.xctest */,
			);
			name = Products;
			sourceTree = "<group>";
		};
/* End PBXGroup section */

/* Begin PBXNativeTarget section */
		B53A26D12EAC0E0300ADDE7E /* NYTArticles */ = {
			isa = PBXNativeTarget;
			buildConfigurationList = B53A26F52EAC0E0500ADDE7E /* Build configuration list for PBXNativeTarget "NYTArticles" */;
			buildPhases = (
				B53A26CE2EAC0E0300ADDE7E /* Sources */,
				B53A26CF2EAC0E0300ADDE7E /* Frameworks */,
				B53A26D02EAC0E0300ADDE7E /* Resources */,
			);
			buildRules = (
			);
			dependencies = (
			);
			fileSystemSynchronizedGroups = (
				B53A26D42EAC0E0300ADDE7E /* NYTArticles */,
			);
			name = NYTArticles;
			packageProductDependencies = (
			);
			productName = NYTArticles;
			productReference = B53A26D22EAC0E0300ADDE7E /* NYTArticles.app */;
			productType = "com.apple.product-type.application";
		};
		B53A26E02EAC0E0500ADDE7E /* NYTArticlesTests */ = {
			isa = PBXNativeTarget;
			buildConfigurationList = B53A26F82EAC0E0500ADDE7E /* Build configuration list for PBXNativeTarget "NYTArticlesTests" */;
			buildPhases = (
				B53A26DD2EAC0E0500ADDE7E /* Sources */,
				B53A26DE2EAC0E0500ADDE7E /* Frameworks */,
				B53A26DF2EAC0E0500ADDE7E /* Resources */,
			);
			buildRules = (
			);
			dependencies = (
				B53A26E32EAC0E0500ADDE7E /* PBXTargetDependency */,
			);
			fileSystemSynchronizedGroups = (
				B53A26E42EAC0E0500ADDE7E /* NYTArticlesTests */,
			);
			name = NYTArticlesTests;
			packageProductDependencies = (
			);
			productName = NYTArticlesTests;
			productReference = B53A26E12EAC0E0500ADDE7E /* NYTArticlesTests.xctest */;
			productType = "com.apple.product-type.bundle.unit-test";
		};
		B53A26EA2EAC0E0500ADDE7E /* NYTArticlesUITests */ = {
			isa = PBXNativeTarget;
			buildConfigurationList = B53A26FB2EAC0E0500ADDE7E /* Build configuration list for PBXNativeTarget "NYTArticlesUITests" */;
			buildPhases = (
				B53A26E72EAC0E0500ADDE7E /* Sources */,
				B53A26E82EAC0E0500ADDE7E /* Frameworks */,
				B53A26E92EAC0E0500ADDE7E /* Resources */,
			);
			buildRules = (
			);
			dependencies = (
				B53A26ED2EAC0E0500ADDE7E /* PBXTargetDependency */,
			);
			fileSystemSynchronizedGroups = (
				B53A26EE2EAC0E0500ADDE7E /* NYTArticlesUITests */,
			);
			name = NYTArticlesUITests;
			packageProductDependencies = (
			);
			productName = NYTArticlesUITests;
			productReference = B53A26EB2EAC0E0500ADDE7E /* NYTArticlesUITests.xctest */;
			productType = "com.apple.product-type.bundle.ui-testing";
		};
/* End PBXNativeTarget section */

/* Begin PBXProject section */
		B53A26CA2EAC0E0300ADDE7E /* Project object */ = {
			isa = PBXProject;
			attributes = {
				BuildIndependentTargetsInParallel = 1;
				LastSwiftUpdateCheck = 1640;
				LastUpgradeCheck = 1640;
				TargetAttributes = {
					B53A26D12EAC0E0300ADDE7E = {
						CreatedOnToolsVersion = 16.4;
					};
					B53A26E02EAC0E0500ADDE7E = {
						CreatedOnToolsVersion = 16.4;
						TestTargetID = B53A26D12EAC0E0300ADDE7E;
					};
					B53A26EA2EAC0E0500ADDE7E = {
						CreatedOnToolsVersion = 16.4;
						TestTargetID = B53A26D12EAC0E0300ADDE7E;
					};
				};
			};
			buildConfigurationList = B53A26CD2EAC0E0300ADDE7E /* Build configuration list for PBXProject "NYTArticles" */;
			developmentRegion = en;
			hasScannedForEncodings = 0;
			knownRegions = (
				en,
				Base,
			);
			mainGroup = B53A26C92EAC0E0300ADDE7E;
			minimizedProjectReferenceProxies = 1;
			preferredProjectObjectVersion = 77;
			productRefGroup = B53A26D32EAC0E0300ADDE7E /* Products */;
			projectDirPath = "";
			projectRoot = "";
			targets = (
				B53A26D12EAC0E0300ADDE7E /* NYTArticles */,
				B53A26E02EAC0E0500ADDE7E /* NYTArticlesTests */,
				B53A26EA2EAC0E0500ADDE7E /* NYTArticlesUITests */,
			);
		};
/* End PBXProject section */

/* Begin PBXResourcesBuildPhase section */
		B53A26D02EAC0E0300ADDE7E /* Resources */ = {
			isa = PBXResourcesBuildPhase;
			buildActionMask = 2147483647;
			files = (
			);
			runOnlyForDeploymentPostprocessing = 0;
		};
		B53A26DF2EAC0E0500ADDE7E /* Resources */ = {
			isa = PBXResourcesBuildPhase;
			buildActionMask = 2147483647;
			files = (
			);
			runOnlyForDeploymentPostprocessing = 0;
		};
		B53A26E92EAC0E0500ADDE7E /* Resources */ = {
			isa = PBXResourcesBuildPhase;
			buildActionMask = 2147483647;
			files = (
			);
			runOnlyForDeploymentPostprocessing = 0;
		};
/* End PBXResourcesBuildPhase section */

/* Begin PBXSourcesBuildPhase section */
		B53A26CE2EAC0E0300ADDE7E /* Sources */ = {
			isa = PBXSourcesBuildPhase;
			buildActionMask = 2147483647;
			files = (
			);
			runOnlyForDeploymentPostprocessing = 0;
		};
		B53A26DD2EAC0E0500ADDE7E /* Sources */ = {
			isa = PBXSourcesBuildPhase;
			buildActionMask = 2147483647;
			files = (
			);
			runOnlyForDeploymentPostprocessing = 0;
		};
		B53A26E72EAC0E0500ADDE7E /* Sources */ = {
			isa = PBXSourcesBuildPhase;
			buildActionMask = 2147483647;
			files = (
			);
			runOnlyForDeploymentPostprocessing = 0;
		};
/* End PBXSourcesBuildPhase section */

/* Begin PBXTargetDependency section */
		B53A26E32EAC0E0500ADDE7E /* PBXTargetDependency */ = {
			isa = PBXTargetDependency;
			target = B53A26D12EAC0E0300ADDE7E /* NYTArticles */;
			targetProxy = B53A26E22EAC0E0500ADDE7E /* PBXContainerItemProxy */;
		};
		B53A26ED2EAC0E0500ADDE7E /* PBXTargetDependency */ = {
			isa = PBXTargetDependency;
			target = B53A26D12EAC0E0300ADDE7E /* NYTArticles */;
			targetProxy = B53A26EC2EAC0E0500ADDE7E /* PBXContainerItemProxy */;
		};
/* End PBXTargetDependency section */

/* Begin XCBuildConfiguration section */
		B53A26F32EAC0E0500ADDE7E /* Debug */ = {
			isa = XCBuildConfiguration;
			buildSettings = {
				ALWAYS_SEARCH_USER_PATHS = NO;
				ASSETCATALOG_COMPILER_GENERATE_SWIFT_ASSET_SYMBOL_EXTENSIONS = YES;
				CLANG_ANALYZER_NONNULL = YES;
				CLANG_ANALYZER_NUMBER_OBJECT_CONVERSION = YES_AGGRESSIVE;
				CLANG_CXX_LANGUAGE_STANDARD = "gnu++20";
				CLANG_ENABLE_MODULES = YES;
				CLANG_ENABLE_OBJC_ARC = YES;
				CLANG_ENABLE_OBJC_WEAK = YES;
				CLANG_WARN_BLOCK_CAPTURE_AUTORELEASING = YES;
				CLANG_WARN_BOOL_CONVERSION = YES;
				CLANG_WARN_COMMA = YES;
				CLANG_WARN_CONSTANT_CONVERSION = YES;
				CLANG_WARN_DEPRECATED_OBJC_IMPLEMENTATIONS = YES;
				CLANG_WARN_DIRECT_OBJC_ISA_USAGE = YES_ERROR;
				CLANG_WARN_DOCUMENTATION_COMMENTS = YES;
				CLANG_WARN_EMPTY_BODY = YES;
				CLANG_WARN_ENUM_CONVERSION = YES;
				CLANG_WARN_INFINITE_RECURSION = YES;
				CLANG_WARN_INT_CONVERSION = YES;
				CLANG_WARN_NON_LITERAL_NULL_CONVERSION = YES;
				CLANG_WARN_OBJC_IMPLICIT_RETAIN_SELF = YES;
				CLANG_WARN_OBJC_LITERAL_CONVERSION = YES;
				CLANG_WARN_OBJC_ROOT_CLASS = YES_ERROR;
				CLANG_WARN_QUOTED_INCLUDE_IN_FRAMEWORK_HEADER = YES;
				CLANG_WARN_RANGE_LOOP_ANALYSIS = YES;
				CLANG_WARN_STRICT_PROTOTYPES = YES;
				CLANG_WARN_SUSPICIOUS_MOVE = YES;
				CLANG_WARN_UNGUARDED_AVAILABILITY = YES_AGGRESSIVE;
				CLANG_WARN_UNREACHABLE_CODE = YES;
				CLANG_WARN__DUPLICATE_METHOD_MATCH = YES;
				COPY_PHASE_STRIP = NO;
				DEBUG_INFORMATION_FORMAT = dwarf;
				DEVELOPMENT_TEAM = F9H372R2J7;
				ENABLE_STRICT_OBJC_MSGSEND = YES;
				ENABLE_TESTABILITY = YES;
				ENABLE_USER_SCRIPT_SANDBOXING = YES;
				GCC_C_LANGUAGE_STANDARD = gnu17;
				GCC_DYNAMIC_NO_PIC = NO;
				GCC_NO_COMMON_BLOCKS = YES;
				GCC_OPTIMIZATION_LEVEL = 0;
				GCC_PREPROCESSOR_DEFINITIONS = (
					"DEBUG=1",
					"$(inherited)",
				);
				GCC_WARN_64_TO_32_BIT_CONVERSION = YES;
				GCC_WARN_ABOUT_RETURN_TYPE = YES_ERROR;
				GCC_WARN_UNDECLARED_SELECTOR = YES;
				GCC_WARN_UNINITIALIZED_AUTOS = YES_AGGRESSIVE;
				GCC_WARN_UNUSED_FUNCTION = YES;
				GCC_WARN_UNUSED_VARIABLE = YES;
				IPHONEOS_DEPLOYMENT_TARGET = 18.5;
				LOCALIZATION_PREFERS_STRING_CATALOGS = YES;
				MTL_ENABLE_DEBUG_INFO = INCLUDE_SOURCE;
				MTL_FAST_MATH = YES;
				ONLY_ACTIVE_ARCH = YES;
				SDKROOT = iphoneos;
				SWIFT_ACTIVE_COMPILATION_CONDITIONS = "DEBUG $(inherited)";
				SWIFT_OPTIMIZATION_LEVEL = "-Onone";
			};
			name = Debug;
		};
		B53A26F42EAC0E0500ADDE7E /* Release */ = {
			isa = XCBuildConfiguration;
			buildSettings = {
				ALWAYS_SEARCH_USER_PATHS = NO;
				ASSETCATALOG_COMPILER_GENERATE_SWIFT_ASSET_SYMBOL_EXTENSIONS = YES;
				CLANG_ANALYZER_NONNULL = YES;
				CLANG_ANALYZER_NUMBER_OBJECT_CONVERSION = YES_AGGRESSIVE;
				CLANG_CXX_LANGUAGE_STANDARD = "gnu++20";
				CLANG_ENABLE_MODULES = YES;
				CLANG_ENABLE_OBJC_ARC = YES;
				CLANG_ENABLE_OBJC_WEAK = YES;
				CLANG_WARN_BLOCK_CAPTURE_AUTORELEASING = YES;
				CLANG_WARN_BOOL_CONVERSION = YES;
				CLANG_WARN_COMMA = YES;
				CLANG_WARN_CONSTANT_CONVERSION = YES;
				CLANG_WARN_DEPRECATED_OBJC_IMPLEMENTATIONS = YES;
				CLANG_WARN_DIRECT_OBJC_ISA_USAGE = YES_ERROR;
				CLANG_WARN_DOCUMENTATION_COMMENTS = YES;
				CLANG_WARN_EMPTY_BODY = YES;
				CLANG_WARN_ENUM_CONVERSION = YES;
				CLANG_WARN_INFINITE_RECURSION = YES;
				CLANG_WARN_INT_CONVERSION = YES;
				CLANG_WARN_NON_LITERAL_NULL_CONVERSION = YES;
				CLANG_WARN_OBJC_IMPLICIT_RETAIN_SELF = YES;
				CLANG_WARN_OBJC_LITERAL_CONVERSION = YES;
				CLANG_WARN_OBJC_ROOT_CLASS = YES_ERROR;
				CLANG_WARN_QUOTED_INCLUDE_IN_FRAMEWORK_HEADER = YES;
				CLANG_WARN_RANGE_LOOP_ANALYSIS = YES;
				CLANG_WARN_STRICT_PROTOTYPES = YES;
				CLANG_WARN_SUSPICIOUS_MOVE = YES;
				CLANG_WARN_UNGUARDED_AVAILABILITY = YES_AGGRESSIVE;
				CLANG_WARN_UNREACHABLE_CODE = YES;
				CLANG_WARN__DUPLICATE_METHOD_MATCH = YES;
				COPY_PHASE_STRIP = NO;
				DEBUG_INFORMATION_FORMAT = "dwarf-with-dsym";
				DEVELOPMENT_TEAM = F9H372R2J7;
				ENABLE_NS_ASSERTIONS = NO;
				ENABLE_STRICT_OBJC_MSGSEND = YES;
				ENABLE_USER_SCRIPT_SANDBOXING = YES;
				GCC_C_LANGUAGE_STANDARD = gnu17;
				GCC_NO_COMMON_BLOCKS = YES;
				GCC_WARN_64_TO_32_BIT_CONVERSION = YES;
				GCC_WARN_ABOUT_RETURN_TYPE = YES_ERROR;
				GCC_WARN_UNDECLARED_SELECTOR = YES;
				GCC_WARN_UNINITIALIZED_AUTOS = YES_AGGRESSIVE;
				GCC_WARN_UNUSED_FUNCTION = YES;
				GCC_WARN_UNUSED_VARIABLE = YES;
				IPHONEOS_DEPLOYMENT_TARGET = 18.5;
				LOCALIZATION_PREFERS_STRING_CATALOGS = YES;
				MTL_ENABLE_DEBUG_INFO = NO;
				MTL_FAST_MATH = YES;
				SDKROOT = iphoneos;
				SWIFT_COMPILATION_MODE = wholemodule;
				VALIDATE_PRODUCT = YES;
			};
			name = Release;
		};
		B53A26F62EAC0E0500ADDE7E /* Debug */ = {
			isa = XCBuildConfiguration;
			buildSettings = {
				ASSETCATALOG_COMPILER_APPICON_NAME = AppIcon;
				ASSETCATALOG_COMPILER_GLOBAL_ACCENT_COLOR_NAME = AccentColor;
				CODE_SIGN_STYLE = Automatic;
				CURRENT_PROJECT_VERSION = 1;
				DEVELOPMENT_TEAM = F9H372R2J7;
				ENABLE_PREVIEWS = YES;
				GENERATE_INFOPLIST_FILE = YES;
				INFOPLIST_KEY_UIApplicationSceneManifest_Generation = YES;
				INFOPLIST_KEY_UIApplicationSupportsIndirectInputEvents = YES;
				INFOPLIST_KEY_UILaunchScreen_Generation = YES;
				INFOPLIST_KEY_UISupportedInterfaceOrientations_iPad = "UIInterfaceOrientationPortrait UIInterfaceOrientationPortraitUpsideDown UIInterfaceOrientationLandscapeLeft UIInterfaceOrientationLandscapeRight";
				INFOPLIST_KEY_UISupportedInterfaceOrientations_iPhone = "UIInterfaceOrientationPortrait UIInterfaceOrientationLandscapeLeft UIInterfaceOrientationLandscapeRight";
				LD_RUNPATH_SEARCH_PATHS = (
					"$(inherited)",
					"@executable_path/Frameworks",
				);
				MARKETING_VERSION = 1.0;
				PRODUCT_BUNDLE_IDENTIFIER = com.emma.NYTArticles;
				PRODUCT_NAME = "$(TARGET_NAME)";
				SWIFT_EMIT_LOC_STRINGS = YES;
				SWIFT_VERSION = 5.0;
				TARGETED_DEVICE_FAMILY = "1,2";
			};
			name = Debug;
		};
		B53A26F72EAC0E0500ADDE7E /* Release */ = {
			isa = XCBuildConfiguration;
			buildSettings = {
				ASSETCATALOG_COMPILER_APPICON_NAME = AppIcon;
				ASSETCATALOG_COMPILER_GLOBAL_ACCENT_COLOR_NAME = AccentColor;
				CODE_SIGN_STYLE = Automatic;
				CURRENT_PROJECT_VERSION = 1;
				DEVELOPMENT_TEAM = F9H372R2J7;
				ENABLE_PREVIEWS = YES;
				GENERATE_INFOPLIST_FILE = YES;
				INFOPLIST_KEY_UIApplicationSceneManifest_Generation = YES;
				INFOPLIST_KEY_UIApplicationSupportsIndirectInputEvents = YES;
				INFOPLIST_KEY_UILaunchScreen_Generation = YES;
				INFOPLIST_KEY_UISupportedInterfaceOrientations_iPad = "UIInterfaceOrientationPortrait UIInterfaceOrientationPortraitUpsideDown UIInterfaceOrientationLandscapeLeft UIInterfaceOrientationLandscapeRight";
				INFOPLIST_KEY_UISupportedInterfaceOrientations_iPhone = "UIInterfaceOrientationPortrait UIInterfaceOrientationLandscapeLeft UIInterfaceOrientationLandscapeRight";
				LD_RUNPATH_SEARCH_PATHS = (
					"$(inherited)",
					"@executable_path/Frameworks",
				);
				MARKETING_VERSION = 1.0;
				PRODUCT_BUNDLE_IDENTIFIER = com.emma.NYTArticles;
				PRODUCT_NAME = "$(TARGET_NAME)";
				SWIFT_EMIT_LOC_STRINGS = YES;
				SWIFT_VERSION = 5.0;
				TARGETED_DEVICE_FAMILY = "1,2";
			};
			name = Release;
		};
		B53A26F92EAC0E0500ADDE7E /* Debug */ = {
			isa = XCBuildConfiguration;
			buildSettings = {
				BUNDLE_LOADER = "$(TEST_HOST)";
				CODE_SIGN_STYLE = Automatic;
				CURRENT_PROJECT_VERSION = 1;
				DEVELOPMENT_TEAM = F9H372R2J7;
				GENERATE_INFOPLIST_FILE = YES;
				IPHONEOS_DEPLOYMENT_TARGET = 18.5;
				MARKETING_VERSION = 1.0;
				PRODUCT_BUNDLE_IDENTIFIER = com.emma.NYTArticlesTests;
				PRODUCT_NAME = "$(TARGET_NAME)";
				SWIFT_EMIT_LOC_STRINGS = NO;
				SWIFT_VERSION = 5.0;
				TARGETED_DEVICE_FAMILY = "1,2";
				TEST_HOST = "$(BUILT_PRODUCTS_DIR)/NYTArticles.app/$(BUNDLE_EXECUTABLE_FOLDER_PATH)/NYTArticles";
			};
			name = Debug;
		};
		B53A26FA2EAC0E0500ADDE7E /* Release */ = {
			isa = XCBuildConfiguration;
			buildSettings = {
				BUNDLE_LOADER = "$(TEST_HOST)";
				CODE_SIGN_STYLE = Automatic;
				CURRENT_PROJECT_VERSION = 1;
				DEVELOPMENT_TEAM = F9H372R2J7;
				GENERATE_INFOPLIST_FILE = YES;
				IPHONEOS_DEPLOYMENT_TARGET = 18.5;
				MARKETING_VERSION = 1.0;
				PRODUCT_BUNDLE_IDENTIFIER = com.emma.NYTArticlesTests;
				PRODUCT_NAME = "$(TARGET_NAME)";
				SWIFT_EMIT_LOC_STRINGS = NO;
				SWIFT_VERSION = 5.0;
				TARGETED_DEVICE_FAMILY = "1,2";
				TEST_HOST = "$(BUILT_PRODUCTS_DIR)/NYTArticles.app/$(BUNDLE_EXECUTABLE_FOLDER_PATH)/NYTArticles";
			};
			name = Release;
		};
		B53A26FC2EAC0E0500ADDE7E /* Debug */ = {
			isa = XCBuildConfiguration;
			buildSettings = {
				CODE_SIGN_STYLE = Automatic;
				CURRENT_PROJECT_VERSION = 1;
				DEVELOPMENT_TEAM = F9H372R2J7;
				GENERATE_INFOPLIST_FILE = YES;
				MARKETING_VERSION = 1.0;
				PRODUCT_BUNDLE_IDENTIFIER = com.emma.NYTArticlesUITests;
				PRODUCT_NAME = "$(TARGET_NAME)";
				SWIFT_EMIT_LOC_STRINGS = NO;
				SWIFT_VERSION = 5.0;
				TARGETED_DEVICE_FAMILY = "1,2";
				TEST_TARGET_NAME = NYTArticles;
			};
			name = Debug;
		};
		B53A26FD2EAC0E0500ADDE7E /* Release */ = {
			isa = XCBuildConfiguration;
			buildSettings = {
				CODE_SIGN_STYLE = Automatic;
				CURRENT_PROJECT_VERSION = 1;
				DEVELOPMENT_TEAM = F9H372R2J7;
				GENERATE_INFOPLIST_FILE = YES;
				MARKETING_VERSION = 1.0;
				PRODUCT_BUNDLE_IDENTIFIER = com.emma.NYTArticlesUITests;
				PRODUCT_NAME = "$(TARGET_NAME)";
				SWIFT_EMIT_LOC_STRINGS = NO;
				SWIFT_VERSION = 5.0;
				TARGETED_DEVICE_FAMILY = "1,2";
				TEST_TARGET_NAME = NYTArticles;
			};
			name = Release;
		};
/* End XCBuildConfiguration section */

/* Begin XCConfigurationList section */
		B53A26CD2EAC0E0300ADDE7E /* Build configuration list for PBXProject "NYTArticles" */ = {
			isa = XCConfigurationList;
			buildConfigurations = (
				B53A26F32EAC0E0500ADDE7E /* Debug */,
				B53A26F42EAC0E0500ADDE7E /* Release */,
			);
			defaultConfigurationIsVisible = 0;
			defaultConfigurationName = Release;
		};
		B53A26F52EAC0E0500ADDE7E /* Build configuration list for PBXNativeTarget "NYTArticles" */ = {
			isa = XCConfigurationList;
			buildConfigurations = (
				B53A26F62EAC0E0500ADDE7E /* Debug */,
				B53A26F72EAC0E0500ADDE7E /* Release */,
			);
			defaultConfigurationIsVisible = 0;
			defaultConfigurationName = Release;
		};
		B53A26F82EAC0E0500ADDE7E /* Build configuration list for PBXNativeTarget "NYTArticlesTests" */ = {
			isa = XCConfigurationList;
			buildConfigurations = (
				B53A26F92EAC0E0500ADDE7E /* Debug */,
				B53A26FA2EAC0E0500ADDE7E /* Release */,
			);
			defaultConfigurationIsVisible = 0;
			defaultConfigurationName = Release;
		};
		B53A26FB2EAC0E0500ADDE7E /* Build configuration list for PBXNativeTarget "NYTArticlesUITests" */ = {
			isa = XCConfigurationList;
			buildConfigurations = (
				B53A26FC2EAC0E0500ADDE7E /* Debug */,
				B53A26FD2EAC0E0500ADDE7E /* Release */,
			);
			defaultConfigurationIsVisible = 0;
			defaultConfigurationName = Release;
		};
/* End XCConfigurationList section */
	};
	rootObject = B53A26CA2EAC0E0300ADDE7E /* Project object */;
}
